PODS:
  - Alamofire (5.10.2)
  - AppAuth (2.0.0):
    - AppAuth/Core (= 2.0.0)
    - AppAuth/ExternalUserAgent (= 2.0.0)
  - AppAuth/Core (2.0.0)
  - AppAuth/ExternalUserAgent (2.0.0):
    - AppAuth/Core
  - AppCheckCore (11.2.0):
    - GoogleUtilities/Environment (~> 8.0)
    - GoogleUtilities/UserDefaults (~> 8.0)
    - PromisesObjC (~> 2.4)
  - Capacitor (8.0.2):
    - CapacitorCordova
  - CapacitorApp (8.0.0):
    - Capacitor
  - CapacitorBrowser (8.0.0):
    - Capacitor
  - CapacitorCamera (8.0.0):
    - Capacitor
  - CapacitorCommunityAppleSignIn (7.1.0):
    - Capacitor
  - CapacitorCordova (8.0.2)
  - CapacitorGeolocation (8.0.0):
    - Capacitor
    - IONGeolocationLib (= 2.0.0)
  - CapacitorPushNotifications (8.0.0):
    - Capacitor
  - CapacitorShare (8.0.0):
    - Capacitor
  - CapacitorStatusBar (8.0.0):
    - Capacitor
  - CapgoCapacitorNavigationBar (8.0.17):
    - Capacitor
  - CapgoCapacitorSocialLogin (8.2.21):
    - Alamofire (~> 5.10.2)
    - Capacitor
    - FBSDKCoreKit (= 18.0.0)
    - FBSDKLoginKit (= 18.0.0)
    - GoogleSignIn (~> 9.0.0)
  - FBAEMKit (18.0.0):
    - FBSDKCoreKit_Basics (= 18.0.0)
  - FBSDKCoreKit (18.0.0):
    - FBAEMKit (= 18.0.0)
    - FBSDKCoreKit_Basics (= 18.0.0)
  - FBSDKCoreKit_Basics (18.0.0)
  - FBSDKLoginKit (18.0.0):
    - FBSDKCoreKit (= 18.0.0)
  - FirebaseCore (11.15.0):
    - FirebaseCoreInternal (~> 11.15.0)
    - GoogleUtilities/Environment (~> 8.1)
    - GoogleUtilities/Logger (~> 8.1)
  - FirebaseCoreInternal (11.15.0):
    - "GoogleUtilities/NSData+zlib (~> 8.1)"
  - FirebaseInstallations (11.15.0):
    - FirebaseCore (~> 11.15.0)
    - GoogleUtilities/Environment (~> 8.1)
    - GoogleUtilities/UserDefaults (~> 8.1)
    - PromisesObjC (~> 2.4)
  - FirebaseMessaging (11.15.0):
    - FirebaseCore (~> 11.15.0)
    - FirebaseInstallations (~> 11.0)
    - GoogleDataTransport (~> 10.0)
    - GoogleUtilities/AppDelegateSwizzler (~> 8.1)
    - GoogleUtilities/Environment (~> 8.1)
    - GoogleUtilities/Reachability (~> 8.1)
    - GoogleUtilities/UserDefaults (~> 8.1)
    - nanopb (~> 3.30910.0)
  - GoogleDataTransport (10.1.0):
    - nanopb (~> 3.30910.0)
    - PromisesObjC (~> 2.4)
  - GoogleSignIn (9.0.0):
    - AppAuth (~> 2.0)
    - AppCheckCore (~> 11.0)
    - GTMAppAuth (~> 5.0)
    - GTMSessionFetcher/Core (~> 3.3)
  - GoogleUtilities/AppDelegateSwizzler (8.1.0):
    - GoogleUtilities/Environment
    - GoogleUtilities/Logger
    - GoogleUtilities/Network
    - GoogleUtilities/Privacy
  - GoogleUtilities/Environment (8.1.0):
    - GoogleUtilities/Privacy
  - GoogleUtilities/Logger (8.1.0):
    - GoogleUtilities/Environment
    - GoogleUtilities/Privacy
  - GoogleUtilities/Network (8.1.0):
    - GoogleUtilities/Logger
    - "GoogleUtilities/NSData+zlib"
    - GoogleUtilities/Privacy
    - GoogleUtilities/Reachability
  - "GoogleUtilities/NSData+zlib (8.1.0)":
    - GoogleUtilities/Privacy
  - GoogleUtilities/Privacy (8.1.0)
  - GoogleUtilities/Reachability (8.1.0):
    - GoogleUtilities/Logger
    - GoogleUtilities/Privacy
  - GoogleUtilities/UserDefaults (8.1.0):
    - GoogleUtilities/Logger
    - GoogleUtilities/Privacy
  - GTMAppAuth (5.0.0):
    - AppAuth/Core (~> 2.0)
    - GTMSessionFetcher/Core (< 4.0, >= 3.3)
  - GTMSessionFetcher/Core (3.5.0)
  - IONGeolocationLib (2.0.0)
  - nanopb (3.30910.0):
    - nanopb/decode (= 3.30910.0)
    - nanopb/encode (= 3.30910.0)
  - nanopb/decode (3.30910.0)
  - nanopb/encode (3.30910.0)
  - PromisesObjC (2.4.0)
  - PurchasesHybridCommon (17.30.0):
    - RevenueCat (= 5.56.0)
  - RevenueCat (5.56.0)
  - RevenuecatPurchasesCapacitor (12.1.0):
    - Capacitor
    - PurchasesHybridCommon (= 17.30.0)
  - Sentry/HybridSDK (8.56.2)
  - SentryCapacitor (2.4.1):
    - Capacitor
    - Sentry/HybridSDK (= 8.56.2)

DEPENDENCIES:
  - "Capacitor (from `../../node_modules/@capacitor/ios`)"
  - "CapacitorApp (from `../../node_modules/@capacitor/app`)"
  - "CapacitorBrowser (from `../../node_modules/@capacitor/browser`)"
  - "CapacitorCamera (from `../../node_modules/@capacitor/camera`)"
  - "CapacitorCommunityAppleSignIn (from `../../node_modules/@capacitor-community/apple-sign-in`)"
  - "CapacitorCordova (from `../../node_modules/@capacitor/ios`)"
  - "CapacitorGeolocation (from `../../node_modules/@capacitor/geolocation`)"
  - "CapacitorPushNotifications (from `../../node_modules/@capacitor/push-notifications`)"
  - "CapacitorShare (from `../../node_modules/@capacitor/share`)"
  - "CapacitorStatusBar (from `../../node_modules/@capacitor/status-bar`)"
  - "CapgoCapacitorNavigationBar (from `../../node_modules/@capgo/capacitor-navigation-bar`)"
  - "CapgoCapacitorSocialLogin (from `../../node_modules/@capgo/capacitor-social-login`)"
  - FirebaseCore
  - FirebaseMessaging
  - "RevenuecatPurchasesCapacitor (from `../../node_modules/@revenuecat/purchases-capacitor`)"
  - "SentryCapacitor (from `../../node_modules/@sentry/capacitor`)"

SPEC REPOS:
  trunk:
    - Alamofire
    - AppAuth
    - AppCheckCore
    - FBAEMKit
    - FBSDKCoreKit
    - FBSDKCoreKit_Basics
    - FBSDKLoginKit
    - FirebaseCore
    - FirebaseCoreInternal
    - FirebaseInstallations
    - FirebaseMessaging
    - GoogleDataTransport
    - GoogleSignIn
    - GoogleUtilities
    - GTMAppAuth
    - GTMSessionFetcher
    - IONGeolocationLib
    - nanopb
    - PromisesObjC
    - PurchasesHybridCommon
    - RevenueCat
    - Sentry

EXTERNAL SOURCES:
  Capacitor:
    :path: "../../node_modules/@capacitor/ios"
  CapacitorApp:
    :path: "../../node_modules/@capacitor/app"
  CapacitorBrowser:
    :path: "../../node_modules/@capacitor/browser"
  CapacitorCamera:
    :path: "../../node_modules/@capacitor/camera"
  CapacitorCommunityAppleSignIn:
    :path: "../../node_modules/@capacitor-community/apple-sign-in"
  CapacitorCordova:
    :path: "../../node_modules/@capacitor/ios"
  CapacitorGeolocation:
    :path: "../../node_modules/@capacitor/geolocation"
  CapacitorPushNotifications:
    :path: "../../node_modules/@capacitor/push-notifications"
  CapacitorShare:
    :path: "../../node_modules/@capacitor/share"
  CapacitorStatusBar:
    :path: "../../node_modules/@capacitor/status-bar"
  CapgoCapacitorNavigationBar:
    :path: "../../node_modules/@capgo/capacitor-navigation-bar"
  CapgoCapacitorSocialLogin:
    :path: "../../node_modules/@capgo/capacitor-social-login"
  RevenuecatPurchasesCapacitor:
    :path: "../../node_modules/@revenuecat/purchases-capacitor"
  SentryCapacitor:
    :path: "../../node_modules/@sentry/capacitor"

SPEC CHECKSUMS:
  Alamofire: 7193b3b92c74a07f85569e1a6c4f4237291e7496
  AppAuth: 1c1a8afa7e12f2ec3a294d9882dfa5ab7d3cb063
  AppCheckCore: cc8fd0a3a230ddd401f326489c99990b013f0c4f
  Capacitor: 2b79172ad27f3be2d103cce88b8eb9803fdcc744
  CapacitorApp: 3963a84197280757b84f126afd1520a85ae3b092
  CapacitorBrowser: b7d7f05f840fe042e46f6528bb8db853e3058fb2
  CapacitorCamera: 592acb7ab9fb748e2d8571eb03af30ec4e1ace12
  CapacitorCommunityAppleSignIn: 271cb2860576fd2961508bbfa7a82117d93eadca
  CapacitorCordova: 921bdb690ebe82421b24fce45552fd3dea2ae43a
  CapacitorGeolocation: 8a405e707de9aff6ac9eca7f408966a370f7ca33
  CapacitorPushNotifications: 722c1528eabbefd355f47e373a4c6235d01e85e9
  CapacitorShare: 12f1d192170cbcf9f108fd675ac8e343761a4638
  CapacitorStatusBar: 312e2e67928dfe9514c4a8916a1fd610552f5f35
  CapgoCapacitorNavigationBar: 76bb56fbfa4687b8d951bc1a0d87217ba7a688d7
  CapgoCapacitorSocialLogin: 5d3a5483115c00c91a91595da4f29dd1443351af
  FBAEMKit: e34530df538b8eb8aeb53c35867715ba6c63ef0c
  FBSDKCoreKit: d3f479a69127acebb1c6aad91c1a33907bcf6c2f
  FBSDKCoreKit_Basics: 017b6dc2a1862024815a8229e75661e627ac1e29
  FBSDKLoginKit: 5875762d1fe09ddcb05d03365d4f5dc34413843d
  FirebaseCore: efb3893e5b94f32b86e331e3bd6dadf18b66568e
  FirebaseCoreInternal: 9afa45b1159304c963da48addb78275ef701c6b4
  FirebaseInstallations: 317270fec08a5d418fdbc8429282238cab3ac843
  FirebaseMessaging: 3b26e2cee503815e01c3701236b020aa9b576f09
  GoogleDataTransport: aae35b7ea0c09004c3797d53c8c41f66f219d6a7
  GoogleSignIn: c7f09cfbc85a1abf69187be091997c317cc33b77
  GoogleUtilities: 00c88b9a86066ef77f0da2fab05f65d7768ed8e1
  GTMAppAuth: 217a876b249c3c585a54fd6f73e6b58c4f5c4238
  GTMSessionFetcher: 5aea5ba6bd522a239e236100971f10cb71b96ab6
  IONGeolocationLib: a5e40b54edc2ee9902036eda5aaa41ddf07bb68d
  nanopb: fad817b59e0457d11a5dfbde799381cd727c1275
  PromisesObjC: f5707f49cb48b9636751c5b2e7d227e43fba9f47
  PurchasesHybridCommon: c00f6ce5933b9928e99766a45c9e53c0a5a03240
  RevenueCat: 9e2a13bead55198a72272ff105a7265e9510cd11
  RevenuecatPurchasesCapacitor: 93ff2bb47adafa0507cc39c3dc72f92bfc8e321b
  Sentry: b53951377b78e21a734f5dc8318e333dbfc682d7
  SentryCapacitor: 84549a1440a7f58a336ed3175db0f067d571cd5b

PODFILE CHECKSUM: 0c4a8e16a5864a296190d720b7309db81d8b39c2

COCOAPODS: 1.16.2
